
Microsoft Visual Studio Solution File, Format Version 11.00
# Visual Studio 2010
Project("{FAE04EC0-301F-11D3-BF4B-00C04F79EFBC}") = "chapter5org", "Assembly-CSharp.csproj", "{055459F5-FF49-952D-8732-7F0465AD1C47}"
EndProject
Global
	GlobalSection(SolutionConfigurationPlatforms) = preSolution
		Debug|Any CPU = Debug|Any CPU
		Release|Any CPU = Release|Any CPU
	EndGlobalSection
	GlobalSection(ProjectConfigurationPlatforms) = postSolution
		{055459F5-FF49-952D-8732-7F0465AD1C47}.Debug|Any CPU.ActiveCfg = Debug|Any CPU
		{055459F5-FF49-952D-8732-7F0465AD1C47}.Debug|Any CPU.Build.0 = Debug|Any CPU
		{055459F5-FF49-952D-8732-7F0465AD1C47}.Release|Any CPU.ActiveCfg = Release|Any CPU
		{055459F5-FF49-952D-8732-7F0465AD1C47}.Release|Any CPU.Build.0 = Release|Any CPU
	EndGlobalSection
	GlobalSection(SolutionProperties) = preSolution
		HideSolutionNode = FALSE
	EndGlobalSection
	GlobalSection(MonoDevelopProperties) = preSolution
		StartupItem = Assembly-CSharp.csproj
	EndGlobalSection
EndGlobal
